
Microsoft Visual Studio Solution File, Format Version 12.00
# Visual Studio Version 16
VisualStudioVersion = 16.0.29709.97
MinimumVisualStudioVersion = 10.0.40219.1
Project("{9A19103F-16F7-4668-BE54-9A1E7A4F7556}") = "HomeControl.AccessControl.WebApi", "HomeControl.AccessControl.WebApi\HomeControl.AccessControl.WebApi.csproj", "{75937945-FB41-445E-B595-F7F610698D38}"
EndProject
Project("{9A19103F-16F7-4668-BE54-9A1E7A4F7556}") = "HomeControl.AccessControl.Domain", "HomeControl.AccessControl.Domain\HomeControl.AccessControl.Domain.csproj", "{EEA596C1-8768-419D-B9E1-6988BEC68779}"
EndProject
Project("{9A19103F-16F7-4668-BE54-9A1E7A4F7556}") = "HomeControl.AccessControl.Infrastructure", "HomeControl.AccessControl.Infrastructure\HomeControl.AccessControl.Infrastructure.csproj", "{82FADF99-DDFE-4514-ACCB-667D75EE9374}"
EndProject
Project("{2150E333-8FDC-42A3-9474-1A3956D46DE8}") = "AccessControl", "AccessControl", "{81B959AD-67EB-41CE-96D7-07A0D24032E2}"
EndProject
Project("{2150E333-8FDC-42A3-9474-1A3956D46DE8}") = "BuildingBlocks", "BuildingBlocks", "{FFE05A1A-87DB-4FDB-94B3-8C03780623C7}"
EndProject
Project("{9A19103F-16F7-4668-BE54-9A1E7A4F7556}") = "HomeControl.Core.Infrastructure", "HomeControl.Core.Infrastructure\HomeControl.Core.Infrastructure.csproj", "{BA5AE43E-8028-4646-A7AE-9892F8075C64}"
EndProject
Project("{2150E333-8FDC-42A3-9474-1A3956D46DE8}") = "Finances", "Finances", "{E78EEFEE-3C31-4916-A5C1-F2C62F32D762}"
EndProject
Project("{9A19103F-16F7-4668-BE54-9A1E7A4F7556}") = "HomeControl.Finances.Domain", "HomeControl.Finances.Domain\HomeControl.Finances.Domain.csproj", "{F2C4C161-734B-4C4D-BA50-4070C413E65B}"
EndProject
Project("{9A19103F-16F7-4668-BE54-9A1E7A4F7556}") = "HomeControl.Finances.Infrastructure", "HomeControl.Finances.Infrastructure\HomeControl.Finances.Infrastructure.csproj", "{173FC666-6929-40C6-B569-10EF7516595D}"
EndProject
Project("{9A19103F-16F7-4668-BE54-9A1E7A4F7556}") = "HomeControl.AccessControl.UnitTest", "HomeControl.AccessControl.UnitTest\HomeControl.AccessControl.UnitTest.csproj", "{2C4D37A6-8B0F-4F8C-B04D-B1B680EA455F}"
EndProject
Project("{9A19103F-16F7-4668-BE54-9A1E7A4F7556}") = "HomeControl.Identity", "HomeControl.Identity\HomeControl.Identity.csproj", "{FE091FB0-CAEC-4EAC-B8F5-A9EA31DDFF3D}"
EndProject
Project("{9A19103F-16F7-4668-BE54-9A1E7A4F7556}") = "HomeControl.Identity.Web", "HomeControl.Identity.Web\HomeControl.Identity.Web.csproj", "{03A40F6D-EC4F-40CE-A9EB-FF5E8F4682E7}"
EndProject
Project("{2150E333-8FDC-42A3-9474-1A3956D46DE8}") = "Identity", "Identity", "{57CB9407-1FD3-4CF6-BB81-068825B44EB9}"
EndProject
Project("{9A19103F-16F7-4668-BE54-9A1E7A4F7556}") = "HomeControl.Identity.UnitTest", "HomeControl.Identity.UnitTest\HomeControl.Identity.UnitTest.csproj", "{100A091C-32FC-4ACC-A81F-C44E5136B882}"
EndProject
Project("{2150E333-8FDC-42A3-9474-1A3956D46DE8}") = "Core", "Core", "{6D9653E9-470E-47CA-B07F-83BB49EF011E}"
EndProject
Project("{9A19103F-16F7-4668-BE54-9A1E7A4F7556}") = "HomeControl.Finances.WebApi", "HomeControl.Finances.WebApi\HomeControl.Finances.WebApi.csproj", "{E4D00DDA-CCFF-434F-88DF-9A68981D822C}"
EndProject
Project("{9A19103F-16F7-4668-BE54-9A1E7A4F7556}") = "HomeControl.Finances.UnitTest", "HomeControl.Finances.UnitTest\HomeControl.Finances.UnitTest.csproj", "{8718471B-427A-467D-8474-3EE6FF5A0306}"
EndProject
Project("{9A19103F-16F7-4668-BE54-9A1E7A4F7556}") = "HomeControl.Finances.Util", "HomeControl.Finances.Util\HomeControl.Finances.Util.csproj", "{4E5C190F-E758-46B4-A4B2-F92026A06504}"
EndProject
Global
	GlobalSection(SolutionConfigurationPlatforms) = preSolution
		Debug|Any CPU = Debug|Any CPU
		Release|Any CPU = Release|Any CPU
	EndGlobalSection
	GlobalSection(ProjectConfigurationPlatforms) = postSolution
		{75937945-FB41-445E-B595-F7F610698D38}.Debug|Any CPU.ActiveCfg = Debug|Any CPU
		{75937945-FB41-445E-B595-F7F610698D38}.Debug|Any CPU.Build.0 = Debug|Any CPU
		{75937945-FB41-445E-B595-F7F610698D38}.Release|Any CPU.ActiveCfg = Release|Any CPU
		{75937945-FB41-445E-B595-F7F610698D38}.Release|Any CPU.Build.0 = Release|Any CPU
		{EEA596C1-8768-419D-B9E1-6988BEC68779}.Debug|Any CPU.ActiveCfg = Debug|Any CPU
		{EEA596C1-8768-419D-B9E1-6988BEC68779}.Debug|Any CPU.Build.0 = Debug|Any CPU
		{EEA596C1-8768-419D-B9E1-6988BEC68779}.Release|Any CPU.ActiveCfg = Release|Any CPU
		{EEA596C1-8768-419D-B9E1-6988BEC68779}.Release|Any CPU.Build.0 = Release|Any CPU
		{82FADF99-DDFE-4514-ACCB-667D75EE9374}.Debug|Any CPU.ActiveCfg = Debug|Any CPU
		{82FADF99-DDFE-4514-ACCB-667D75EE9374}.Debug|Any CPU.Build.0 = Debug|Any CPU
		{82FADF99-DDFE-4514-ACCB-667D75EE9374}.Release|Any CPU.ActiveCfg = Release|Any CPU
		{82FADF99-DDFE-4514-ACCB-667D75EE9374}.Release|Any CPU.Build.0 = Release|Any CPU
		{BA5AE43E-8028-4646-A7AE-9892F8075C64}.Debug|Any CPU.ActiveCfg = Debug|Any CPU
		{BA5AE43E-8028-4646-A7AE-9892F8075C64}.Debug|Any CPU.Build.0 = Debug|Any CPU
		{BA5AE43E-8028-4646-A7AE-9892F8075C64}.Release|Any CPU.ActiveCfg = Release|Any CPU
		{BA5AE43E-8028-4646-A7AE-9892F8075C64}.Release|Any CPU.Build.0 = Release|Any CPU
		{F2C4C161-734B-4C4D-BA50-4070C413E65B}.Debug|Any CPU.ActiveCfg = Debug|Any CPU
		{F2C4C161-734B-4C4D-BA50-4070C413E65B}.Debug|Any CPU.Build.0 = Debug|Any CPU
		{F2C4C161-734B-4C4D-BA50-4070C413E65B}.Release|Any CPU.ActiveCfg = Release|Any CPU
		{F2C4C161-734B-4C4D-BA50-4070C413E65B}.Release|Any CPU.Build.0 = Release|Any CPU
		{173FC666-6929-40C6-B569-10EF7516595D}.Debug|Any CPU.ActiveCfg = Debug|Any CPU
		{173FC666-6929-40C6-B569-10EF7516595D}.Debug|Any CPU.Build.0 = Debug|Any CPU
		{173FC666-6929-40C6-B569-10EF7516595D}.Release|Any CPU.ActiveCfg = Release|Any CPU
		{173FC666-6929-40C6-B569-10EF7516595D}.Release|Any CPU.Build.0 = Release|Any CPU
		{2C4D37A6-8B0F-4F8C-B04D-B1B680EA455F}.Debug|Any CPU.ActiveCfg = Debug|Any CPU
		{2C4D37A6-8B0F-4F8C-B04D-B1B680EA455F}.Debug|Any CPU.Build.0 = Debug|Any CPU
		{2C4D37A6-8B0F-4F8C-B04D-B1B680EA455F}.Release|Any CPU.ActiveCfg = Release|Any CPU
		{2C4D37A6-8B0F-4F8C-B04D-B1B680EA455F}.Release|Any CPU.Build.0 = Release|Any CPU
		{FE091FB0-CAEC-4EAC-B8F5-A9EA31DDFF3D}.Debug|Any CPU.ActiveCfg = Debug|Any CPU
		{FE091FB0-CAEC-4EAC-B8F5-A9EA31DDFF3D}.Debug|Any CPU.Build.0 = Debug|Any CPU
		{FE091FB0-CAEC-4EAC-B8F5-A9EA31DDFF3D}.Release|Any CPU.ActiveCfg = Release|Any CPU
		{FE091FB0-CAEC-4EAC-B8F5-A9EA31DDFF3D}.Release|Any CPU.Build.0 = Release|Any CPU
		{03A40F6D-EC4F-40CE-A9EB-FF5E8F4682E7}.Debug|Any CPU.ActiveCfg = Debug|Any CPU
		{03A40F6D-EC4F-40CE-A9EB-FF5E8F4682E7}.Debug|Any CPU.Build.0 = Debug|Any CPU
		{03A40F6D-EC4F-40CE-A9EB-FF5E8F4682E7}.Release|Any CPU.ActiveCfg = Release|Any CPU
		{03A40F6D-EC4F-40CE-A9EB-FF5E8F4682E7}.Release|Any CPU.Build.0 = Release|Any CPU
		{100A091C-32FC-4ACC-A81F-C44E5136B882}.Debug|Any CPU.ActiveCfg = Debug|Any CPU
		{100A091C-32FC-4ACC-A81F-C44E5136B882}.Debug|Any CPU.Build.0 = Debug|Any CPU
		{100A091C-32FC-4ACC-A81F-C44E5136B882}.Release|Any CPU.ActiveCfg = Release|Any CPU
		{100A091C-32FC-4ACC-A81F-C44E5136B882}.Release|Any CPU.Build.0 = Release|Any CPU
		{E4D00DDA-CCFF-434F-88DF-9A68981D822C}.Debug|Any CPU.ActiveCfg = Debug|Any CPU
		{E4D00DDA-CCFF-434F-88DF-9A68981D822C}.Debug|Any CPU.Build.0 = Debug|Any CPU
		{E4D00DDA-CCFF-434F-88DF-9A68981D822C}.Release|Any CPU.ActiveCfg = Release|Any CPU
		{E4D00DDA-CCFF-434F-88DF-9A68981D822C}.Release|Any CPU.Build.0 = Release|Any CPU
		{8718471B-427A-467D-8474-3EE6FF5A0306}.Debug|Any CPU.ActiveCfg = Debug|Any CPU
		{8718471B-427A-467D-8474-3EE6FF5A0306}.Debug|Any CPU.Build.0 = Debug|Any CPU
		{8718471B-427A-467D-8474-3EE6FF5A0306}.Release|Any CPU.ActiveCfg = Release|Any CPU
		{8718471B-427A-467D-8474-3EE6FF5A0306}.Release|Any CPU.Build.0 = Release|Any CPU
		{4E5C190F-E758-46B4-A4B2-F92026A06504}.Debug|Any CPU.ActiveCfg = Debug|Any CPU
		{4E5C190F-E758-46B4-A4B2-F92026A06504}.Debug|Any CPU.Build.0 = Debug|Any CPU
		{4E5C190F-E758-46B4-A4B2-F92026A06504}.Release|Any CPU.ActiveCfg = Release|Any CPU
		{4E5C190F-E758-46B4-A4B2-F92026A06504}.Release|Any CPU.Build.0 = Release|Any CPU
	EndGlobalSection
	GlobalSection(SolutionProperties) = preSolution
		HideSolutionNode = FALSE
	EndGlobalSection
	GlobalSection(NestedProjects) = preSolution
		{75937945-FB41-445E-B595-F7F610698D38} = {81B959AD-67EB-41CE-96D7-07A0D24032E2}
		{EEA596C1-8768-419D-B9E1-6988BEC68779} = {81B959AD-67EB-41CE-96D7-07A0D24032E2}
		{82FADF99-DDFE-4514-ACCB-667D75EE9374} = {81B959AD-67EB-41CE-96D7-07A0D24032E2}
		{BA5AE43E-8028-4646-A7AE-9892F8075C64} = {6D9653E9-470E-47CA-B07F-83BB49EF011E}
		{F2C4C161-734B-4C4D-BA50-4070C413E65B} = {E78EEFEE-3C31-4916-A5C1-F2C62F32D762}
		{173FC666-6929-40C6-B569-10EF7516595D} = {E78EEFEE-3C31-4916-A5C1-F2C62F32D762}
		{2C4D37A6-8B0F-4F8C-B04D-B1B680EA455F} = {81B959AD-67EB-41CE-96D7-07A0D24032E2}
		{FE091FB0-CAEC-4EAC-B8F5-A9EA31DDFF3D} = {57CB9407-1FD3-4CF6-BB81-068825B44EB9}
		{03A40F6D-EC4F-40CE-A9EB-FF5E8F4682E7} = {57CB9407-1FD3-4CF6-BB81-068825B44EB9}
		{57CB9407-1FD3-4CF6-BB81-068825B44EB9} = {FFE05A1A-87DB-4FDB-94B3-8C03780623C7}
		{100A091C-32FC-4ACC-A81F-C44E5136B882} = {57CB9407-1FD3-4CF6-BB81-068825B44EB9}
		{6D9653E9-470E-47CA-B07F-83BB49EF011E} = {FFE05A1A-87DB-4FDB-94B3-8C03780623C7}
		{E4D00DDA-CCFF-434F-88DF-9A68981D822C} = {E78EEFEE-3C31-4916-A5C1-F2C62F32D762}
		{8718471B-427A-467D-8474-3EE6FF5A0306} = {E78EEFEE-3C31-4916-A5C1-F2C62F32D762}
		{4E5C190F-E758-46B4-A4B2-F92026A06504} = {E78EEFEE-3C31-4916-A5C1-F2C62F32D762}
	EndGlobalSection
	GlobalSection(ExtensibilityGlobals) = postSolution
		SolutionGuid = {202EA2CE-CE7B-4ED7-BACB-C5B028801F81}
	EndGlobalSection
EndGlobal
